
Microsoft Visual Studio Solution File, Format Version 12.00
# Visual Studio Version 16
VisualStudioVersion = 16.0.29920.165
MinimumVisualStudioVersion = 10.0.40219.1
Project("{FAE04EC0-301F-11D3-BF4B-00C04F79EFBC}") = "MyCustomDiscordBot", "MyCustomDiscordBot\MyCustomDiscordBot.csproj", "{62E13F0F-4828-4366-94A7-55327EDF12DA}"
EndProject
Global
	GlobalSection(SolutionConfigurationPlatforms) = preSolution
		Debug|Any CPU = Debug|Any CPU
		Release|Any CPU = Release|Any CPU
	EndGlobalSection
	GlobalSection(ProjectConfigurationPlatforms) = postSolution
		{62E13F0F-4828-4366-94A7-55327EDF12DA}.Debug|Any CPU.ActiveCfg = Debug|Any CPU
		{62E13F0F-4828-4366-94A7-55327EDF12DA}.Debug|Any CPU.Build.0 = Debug|Any CPU
		{62E13F0F-4828-4366-94A7-55327EDF12DA}.Release|Any CPU.ActiveCfg = Release|Any CPU
		{62E13F0F-4828-4366-94A7-55327EDF12DA}.Release|Any CPU.Build.0 = Release|Any CPU
	EndGlobalSection
	GlobalSection(SolutionProperties) = preSolution
		HideSolutionNode = FALSE
	EndGlobalSection
	GlobalSection(ExtensibilityGlobals) = postSolution
		SolutionGuid = {33C5A3AD-FDD1-4E3A-B05E-48C79519BFBB}
	EndGlobalSection
EndGlobal
